<?xml version="1.0" encoding="utf-8"?>
<Project ToolsVersion="4.0" xmlns="http://schemas.microsoft.com/developer/msbuild/2003">
  <ItemGroup>
    <Filter Include="Source Files">
      <UniqueIdentifier>{4FC737F1-C7A5-4376-A066-2A32D752A2FF}</UniqueIdentifier>
      <Extensions>cpp;c;cc;cxx;def;odl;idl;hpj;bat;asm;asmx</Extensions>
    </Filter>
    <Filter Include="Header Files">
      <UniqueIdentifier>{93995380-89BD-4b04-88EB-625FBE52EBFB}</UniqueIdentifier>
      <Extensions>h;hpp;hxx;hm;inl;inc;xsd</Extensions>
    </Filter>
    <Filter Include="Resource Files">
      <UniqueIdentifier>{67DA6AB6-F800-4c08-8B7A-83BB121AAD01}</UniqueIdentifier>
      <Extensions>rc;ico;cur;bmp;dlg;rc2;rct;bin;rgs;gif;jpg;jpeg;jpe;resx;tiff;tif;png;wav;mfcribbon-ms</Extensions>
    </Filter>
  </ItemGroup>
  <ItemGroup>
    <ClCompile Include="Configuration.cpp">
      <Filter>Source Files</Filter>
    </ClCompile>
    <ClCompile Include="optimizer.cpp">
      <Filter>Source Files</Filter>
    </ClCompile>
    <ClCompile Include="Solver.cpp">
      <Filter>Source Files</Filter>
    </ClCompile>
    <ClCompile Include="DPGraph.cpp">
      <Filter>Source Files</Filter>
    </ClCompile>
    <ClCompile Include="DPSolver.cpp">
      <Filter>Source Files</Filter>
    </ClCompile>
    <ClCompile Include="GASolver.cpp">
      <Filter>Source Files</Filter>
    </ClCompile>
    <ClCompile Include="MIQPSolver.cpp">
      <Filter>Source Files</Filter>
    </ClCompile>
    <ClCompile Include="FixedMIQPSolver.cpp">
      <Filter>Source Files</Filter>
    </ClCompile>
    <ClCompile Include="GAIndividual.cpp">
      <Filter>Source Files</Filter>
    </ClCompile>
    <ClCompile Include="SolverConfiguration.cpp">
      <Filter>Source Files</Filter>
    </ClCompile>
    <ClCompile Include="RandomizedGreedyInitializer.cpp">
      <Filter>Source Files</Filter>
    </ClCompile>
    <ClCompile Include="GAMatrix.cpp">
      <Filter>Source Files</Filter>
    </ClCompile>
    <ClCompile Include="BranchAndBound.cpp">
      <Filter>Source Files</Filter>
    </ClCompile>
    <ClCompile Include="IterativeSolver.cpp">
      <Filter>Source Files</Filter>
    </ClCompile>
    <ClCompile Include="ScaffoldExtractor.cpp">
      <Filter>Source Files</Filter>
    </ClCompile>
    <ClCompile Include="ExtendedFixedMIQPSolver.cpp">
      <Filter>Source Files</Filter>
    </ClCompile>
    <ClCompile Include="RelaxedFixedMIQPSolver.cpp">
      <Filter>Source Files</Filter>
    </ClCompile>
    <ClCompile Include="ScaffoldComparer.cpp">
      <Filter>Source Files</Filter>
    </ClCompile>
    <ClCompile Include="EMSolver.cpp">
      <Filter>Source Files</Filter>
    </ClCompile>
    <ClCompile Include="GraphViz.cpp">
      <Filter>Source Files</Filter>
    </ClCompile>
  </ItemGroup>
  <ItemGroup>
    <ClInclude Include="Configuration.h">
      <Filter>Header Files</Filter>
    </ClInclude>
    <ClInclude Include="Solver.h">
      <Filter>Header Files</Filter>
    </ClInclude>
    <ClInclude Include="DPGraph.h">
      <Filter>Header Files</Filter>
    </ClInclude>
    <ClInclude Include="DPSolver.h">
      <Filter>Header Files</Filter>
    </ClInclude>
    <ClInclude Include="GASolver.h">
      <Filter>Header Files</Filter>
    </ClInclude>
    <ClInclude Include="MIQPSolver.h">
      <Filter>Header Files</Filter>
    </ClInclude>
    <ClInclude Include="FixedMIQPSolver.h">
      <Filter>Header Files</Filter>
    </ClInclude>
    <ClInclude Include="GAIndividual.h">
      <Filter>Header Files</Filter>
    </ClInclude>
    <ClInclude Include="SolverConfiguration.h">
      <Filter>Header Files</Filter>
    </ClInclude>
    <ClInclude Include="RandomizedGreedyInitializer.h">
      <Filter>Header Files</Filter>
    </ClInclude>
    <ClInclude Include="GAMatrix.h">
      <Filter>Header Files</Filter>
    </ClInclude>
    <ClInclude Include="BranchAndBound.h">
      <Filter>Header Files</Filter>
    </ClInclude>
    <ClInclude Include="IterativeSolver.h">
      <Filter>Header Files</Filter>
    </ClInclude>
    <ClInclude Include="ExtendedFixedMIQPSolver.h">
      <Filter>Header Files</Filter>
    </ClInclude>
    <ClInclude Include="RelaxedFixedMIQPSolver.h">
      <Filter>Header Files</Filter>
    </ClInclude>
    <ClInclude Include="Defines.h">
      <Filter>Header Files</Filter>
    </ClInclude>
    <ClInclude Include="ScaffoldComparer.h">
      <Filter>Header Files</Filter>
    </ClInclude>
    <ClInclude Include="EMSolver.h">
      <Filter>Header Files</Filter>
    </ClInclude>
    <ClInclude Include="ScaffoldExtractor.h">
      <Filter>Header Files</Filter>
    </ClInclude>
    <ClInclude Include="GraphViz.h">
      <Filter>Header Files</Filter>
    </ClInclude>
  </ItemGroup>
</Project>